
Microsoft Visual Studio Solution File, Format Version 12.00
# Visual Studio Version 16
VisualStudioVersion = 16.0.30907.101
MinimumVisualStudioVersion = 10.0.40219.1
Project("{FAE04EC0-301F-11D3-BF4B-00C04F79EFBC}") = "MondReise", "MondReise.csproj", "{CFE0EAEB-45F5-43C4-981D-91297D2ACC61}"
EndProject
Global
	GlobalSection(SolutionConfigurationPlatforms) = preSolution
		Debug|Any CPU = Debug|Any CPU
		Release|Any CPU = Release|Any CPU
	EndGlobalSection
	GlobalSection(ProjectConfigurationPlatforms) = postSolution
		{CFE0EAEB-45F5-43C4-981D-91297D2ACC61}.Debug|Any CPU.ActiveCfg = Debug|Any CPU
		{CFE0EAEB-45F5-43C4-981D-91297D2ACC61}.Debug|Any CPU.Build.0 = Debug|Any CPU
		{CFE0EAEB-45F5-43C4-981D-91297D2ACC61}.Release|Any CPU.ActiveCfg = Release|Any CPU
		{CFE0EAEB-45F5-43C4-981D-91297D2ACC61}.Release|Any CPU.Build.0 = Release|Any CPU
	EndGlobalSection
	GlobalSection(SolutionProperties) = preSolution
		HideSolutionNode = FALSE
	EndGlobalSection
	GlobalSection(ExtensibilityGlobals) = postSolution
		SolutionGuid = {D3678A38-628C-45E9-B53E-0F6AF660C146}
	EndGlobalSection
EndGlobal
